{
  "version": 4,
  "terraform_version": "1.15.7",
  "serial": 24,
  "lineage": "0edd98f5-3238-0a3d-87de-3c1cda4ff08c",
  "outputs": {},
  "resources": [
    {
      "mode": "managed",
      "type": "aws_iam_group",
      "name": "interns",
      "provider": "provider[\"registry.terraform.io/hashicorp/aws\"]",
      "instances": [
        {
          "schema_version": 0,
          "attributes": {
            "arn": "arn:aws:iam::689062767140:group/interns",
            "id": "interns",
            "name": "interns",
            "path": "/",
            "unique_id": "AGPA2A32XNISLB7TDZQHY"
          },
          "sensitive_attributes": [],
          "identity_schema_version": 0,
          "private": "bnVsbA=="
        }
      ]
    }
  ],
  "check_results": null
}
